
Microsoft Visual Studio Solution File, Format Version 12.00
# Visual Studio 15
Project("{FAE04EC0-301F-11D3-BF4B-00C04F79EFBC}") = "UnityEngine.UI", "UnityEngine.UI.csproj", "{BA778F52-625E-F61B-4C52-54ACA631F263}"
EndProject
Project("{FAE04EC0-301F-11D3-BF4B-00C04F79EFBC}") = "Assembly-CSharp", "Assembly-CSharp.csproj", "{DBEF1E89-2F58-32EC-D8CB-AD2A6A605A21}"
EndProject
Project("{FAE04EC0-301F-11D3-BF4B-00C04F79EFBC}") = "UnityEditor.UI", "UnityEditor.UI.csproj", "{52FF9B57-7E94-E2F6-23EF-AE7F6509CBE5}"
EndProject
Project("{FAE04EC0-301F-11D3-BF4B-00C04F79EFBC}") = "Unity.2D.Sprite.Editor", "Unity.2D.Sprite.Editor.csproj", "{4F970337-6A2E-C7C8-CF61-F5D5204CB983}"
EndProject
Project("{FAE04EC0-301F-11D3-BF4B-00C04F79EFBC}") = "Unity.2D.Tilemap.Editor", "Unity.2D.Tilemap.Editor.csproj", "{332B23D6-A4A3-2194-9080-65184B0A2F16}"
EndProject
Project("{FAE04EC0-301F-11D3-BF4B-00C04F79EFBC}") = "UnityEngine.UI", "UnityEngine.UI.Player.csproj", "{FBDB14C4-9392-010B-DBFE-850FFE8A02E6}"
EndProject
Project("{FAE04EC0-301F-11D3-BF4B-00C04F79EFBC}") = "Assembly-CSharp", "Assembly-CSharp.Player.csproj", "{70017448-0C52-328C-26AD-1E1B895027E0}"
EndProject
Global
	GlobalSection(SolutionConfigurationPlatforms) = preSolution
		Debug|Any CPU = Debug|Any CPU
		Release|Any CPU = Release|Any CPU
	EndGlobalSection
	GlobalSection(ProjectConfigurationPlatforms) = postSolution
		{BA778F52-625E-F61B-4C52-54ACA631F263}.Debug|Any CPU.ActiveCfg = Debug|Any CPU
		{BA778F52-625E-F61B-4C52-54ACA631F263}.Debug|Any CPU.Build.0 = Debug|Any CPU
		{BA778F52-625E-F61B-4C52-54ACA631F263}.Release|Any CPU.ActiveCfg = Release|Any CPU
		{BA778F52-625E-F61B-4C52-54ACA631F263}.Release|Any CPU.Build.0 = Release|Any CPU
		{DBEF1E89-2F58-32EC-D8CB-AD2A6A605A21}.Debug|Any CPU.ActiveCfg = Debug|Any CPU
		{DBEF1E89-2F58-32EC-D8CB-AD2A6A605A21}.Debug|Any CPU.Build.0 = Debug|Any CPU
		{DBEF1E89-2F58-32EC-D8CB-AD2A6A605A21}.Release|Any CPU.ActiveCfg = Release|Any CPU
		{DBEF1E89-2F58-32EC-D8CB-AD2A6A605A21}.Release|Any CPU.Build.0 = Release|Any CPU
		{52FF9B57-7E94-E2F6-23EF-AE7F6509CBE5}.Debug|Any CPU.ActiveCfg = Debug|Any CPU
		{52FF9B57-7E94-E2F6-23EF-AE7F6509CBE5}.Debug|Any CPU.Build.0 = Debug|Any CPU
		{52FF9B57-7E94-E2F6-23EF-AE7F6509CBE5}.Release|Any CPU.ActiveCfg = Release|Any CPU
		{52FF9B57-7E94-E2F6-23EF-AE7F6509CBE5}.Release|Any CPU.Build.0 = Release|Any CPU
		{4F970337-6A2E-C7C8-CF61-F5D5204CB983}.Debug|Any CPU.ActiveCfg = Debug|Any CPU
		{4F970337-6A2E-C7C8-CF61-F5D5204CB983}.Debug|Any CPU.Build.0 = Debug|Any CPU
		{4F970337-6A2E-C7C8-CF61-F5D5204CB983}.Release|Any CPU.ActiveCfg = Release|Any CPU
		{4F970337-6A2E-C7C8-CF61-F5D5204CB983}.Release|Any CPU.Build.0 = Release|Any CPU
		{332B23D6-A4A3-2194-9080-65184B0A2F16}.Debug|Any CPU.ActiveCfg = Debug|Any CPU
		{332B23D6-A4A3-2194-9080-65184B0A2F16}.Debug|Any CPU.Build.0 = Debug|Any CPU
		{332B23D6-A4A3-2194-9080-65184B0A2F16}.Release|Any CPU.ActiveCfg = Release|Any CPU
		{332B23D6-A4A3-2194-9080-65184B0A2F16}.Release|Any CPU.Build.0 = Release|Any CPU
		{FBDB14C4-9392-010B-DBFE-850FFE8A02E6}.Debug|Any CPU.ActiveCfg = Debug|Any CPU
		{FBDB14C4-9392-010B-DBFE-850FFE8A02E6}.Debug|Any CPU.Build.0 = Debug|Any CPU
		{FBDB14C4-9392-010B-DBFE-850FFE8A02E6}.Release|Any CPU.ActiveCfg = Release|Any CPU
		{FBDB14C4-9392-010B-DBFE-850FFE8A02E6}.Release|Any CPU.Build.0 = Release|Any CPU
		{70017448-0C52-328C-26AD-1E1B895027E0}.Debug|Any CPU.ActiveCfg = Debug|Any CPU
		{70017448-0C52-328C-26AD-1E1B895027E0}.Debug|Any CPU.Build.0 = Debug|Any CPU
		{70017448-0C52-328C-26AD-1E1B895027E0}.Release|Any CPU.ActiveCfg = Release|Any CPU
		{70017448-0C52-328C-26AD-1E1B895027E0}.Release|Any CPU.Build.0 = Release|Any CPU
	EndGlobalSection
	GlobalSection(SolutionProperties) = preSolution
		HideSolutionNode = FALSE
	EndGlobalSection
EndGlobal
